
Microsoft Visual Studio Solution File, Format Version 12.00
# Visual Studio Version 17
VisualStudioVersion = 17.3.32929.385
MinimumVisualStudioVersion = 10.0.40219.1
Project("{FAE04EC0-301F-11D3-BF4B-00C04F79EFBC}") = "zipper", "zipper\zipper.csproj", "{AF6B158A-642B-4A6D-BD4D-861DBB76FE5D}"
EndProject
Global
	GlobalSection(SolutionConfigurationPlatforms) = preSolution
		Debug|Any CPU = Debug|Any CPU
		Release|Any CPU = Release|Any CPU
	EndGlobalSection
	GlobalSection(ProjectConfigurationPlatforms) = postSolution
		{AF6B158A-642B-4A6D-BD4D-861DBB76FE5D}.Debug|Any CPU.ActiveCfg = Debug|Any CPU
		{AF6B158A-642B-4A6D-BD4D-861DBB76FE5D}.Debug|Any CPU.Build.0 = Debug|Any CPU
		{AF6B158A-642B-4A6D-BD4D-861DBB76FE5D}.Release|Any CPU.ActiveCfg = Release|Any CPU
		{AF6B158A-642B-4A6D-BD4D-861DBB76FE5D}.Release|Any CPU.Build.0 = Release|Any CPU
	EndGlobalSection
	GlobalSection(SolutionProperties) = preSolution
		HideSolutionNode = FALSE
	EndGlobalSection
	GlobalSection(ExtensibilityGlobals) = postSolution
		SolutionGuid = {58989AE3-7B7B-4ACD-BFAF-47B48BD29AD4}
	EndGlobalSection
EndGlobal
